// !$*UTF8*$!
{
	archiveVersion = 1;
	classes = {
	};
	objectVersion = 46;
	objects = {

/* Begin PBXBuildFile section */
		FADB84051CDD2D0B0032966C /* AppDelegate.swift in Sources */ = {isa = PBXBuildFile; fileRef = FADB84041CDD2D0B0032966C /* AppDelegate.swift */; };
		FADB84071CDD2D0B0032966C /* ViewController.swift in Sources */ = {isa = PBXBuildFile; fileRef = FADB84061CDD2D0B0032966C /* ViewController.swift */; };
		FADB840A1CDD2D0B0032966C /* Main.storyboard in Resources */ = {isa = PBXBuildFile; fileRef = FADB84081CDD2D0B0032966C /* Main.storyboard */; };
		FADB840C1CDD2D0B0032966C /* Assets.xcassets in Resources */ = {isa = PBXBuildFile; fileRef = FADB840B1CDD2D0B0032966C /* Assets.xcassets */; };
		FADB840F1CDD2D0B0032966C /* LaunchScreen.storyboard in Resources */ = {isa = PBXBuildFile; fileRef = FADB840D1CDD2D0B0032966C /* LaunchScreen.storyboard */; };
/* End PBXBuildFile section */

/* Begin PBXFileReference section */
		FADB84011CDD2D0B0032966C /* Swipe It Shake It.app */ = {isa = PBXFileReference; explicitFileType = wrapper.application; includeInIndex = 0; path = "Swipe It Shake It.app"; sourceTree = BUILT_PRODUCTS_DIR; };
		FADB84041CDD2D0B0032966C /* AppDelegate.swift */ = {isa = PBXFileReference; lastKnownFileType = sourcecode.swift; path = AppDelegate.swift; sourceTree = "<group>"; };
		FADB84061CDD2D0B0032966C /* ViewController.swift */ = {isa = PBXFileReference; lastKnownFileType = sourcecode.swift; path = ViewController.swift; sourceTree = "<group>"; };
		FADB84091CDD2D0B0032966C /* Base */ = {isa = PBXFileReference; lastKnownFileType = file.storyboard; name = Base; path = Base.lproj/Main.storyboard; sourceTree = "<group>"; };
		FADB840B1CDD2D0B0032966C /* Assets.xcassets */ = {isa = PBXFileReference; lastKnownFileType = folder.assetcatalog; path = Assets.xcassets; sourceTree = "<group>"; };
		FADB840E1CDD2D0B0032966C /* Base */ = {isa = PBXFileReference; lastKnownFileType = file.storyboard; name = Base; path = Base.lproj/LaunchScreen.storyboard; sourceTree = "<group>"; };
		FADB84101CDD2D0B0032966C /* Info.plist */ = {isa = PBXFileReference; lastKnownFileType = text.plist.xml; path = Info.plist; sourceTree = "<group>"; };
/* End PBXFileReference section */

/* Begin PBXFrameworksBuildPhase section */
		FADB83FE1CDD2D0B0032966C /* Frameworks */ = {
			isa = PBXFrameworksBuildPhase;
			buildActionMask = 2147483647;
			files = (
			);
			runOnlyForDeploymentPostprocessing = 0;
		};
/* End PBXFrameworksBuildPhase section */

/* Begin PBXGroup section */
		FADB83F81CDD2D0B0032966C = {
			isa = PBXGroup;
			children = (
				FADB84031CDD2D0B0032966C /* Swipe It Shake It */,
				FADB84021CDD2D0B0032966C /* Products */,
			);
			sourceTree = "<group>";
		};
		FADB84021CDD2D0B0032966C /* Products */ = {
			isa = PBXGroup;
			children = (
				FADB84011CDD2D0B0032966C /* Swipe It Shake It.app */,
			);
			name = Products;
			sourceTree = "<group>";
		};
		FADB84031CDD2D0B0032966C /* Swipe It Shake It */ = {
			isa = PBXGroup;
			children = (
				FADB84041CDD2D0B0032966C /* AppDelegate.swift */,
				FADB84061CDD2D0B0032966C /* ViewController.swift */,
				FADB84081CDD2D0B0032966C /* Main.storyboard */,
				FADB840B1CDD2D0B0032966C /* Assets.xcassets */,
				FADB840D1CDD2D0B0032966C /* LaunchScreen.storyboard */,
				FADB84101CDD2D0B0032966C /* Info.plist */,
			);
			path = "Swipe It Shake It";
			sourceTree = "<group>";
		};
/* End PBXGroup section */

/* Begin PBXNativeTarget section */
		FADB84001CDD2D0B0032966C /* Swipe It Shake It */ = {
			isa = PBXNativeTarget;
			buildConfigurationList = FADB84131CDD2D0B0032966C /* Build configuration list for PBXNativeTarget "Swipe It Shake It" */;
			buildPhases = (
				FADB83FD1CDD2D0B0032966C /* Sources */,
				FADB83FE1CDD2D0B0032966C /* Frameworks */,
				FADB83FF1CDD2D0B0032966C /* Resources */,
			);
			buildRules = (
			);
			dependencies = (
			);
			name = "Swipe It Shake It";
			productName = "Swipe It Shake It";
			productReference = FADB84011CDD2D0B0032966C /* Swipe It Shake It.app */;
			productType = "com.apple.product-type.application";
		};
/* End PBXNativeTarget section */

/* Begin PBXProject section */
		FADB83F91CDD2D0B0032966C /* Project object */ = {
			isa = PBXProject;
			attributes = {
				LastSwiftUpdateCheck = 0730;
				LastUpgradeCheck = 0730;
				ORGANIZATIONNAME = "Jared Allen";
				TargetAttributes = {
					FADB84001CDD2D0B0032966C = {
						CreatedOnToolsVersion = 7.3;
						DevelopmentTeam = 8W8VUK9UZ3;
					};
				};
			};
			buildConfigurationList = FADB83FC1CDD2D0B0032966C /* Build configuration list for PBXProject "Swipe It Shake It" */;
			compatibilityVersion = "Xcode 3.2";
			developmentRegion = English;
			hasScannedForEncodings = 0;
			knownRegions = (
				en,
				Base,
			);
			mainGroup = FADB83F81CDD2D0B0032966C;
			productRefGroup = FADB84021CDD2D0B0032966C /* Products */;
			projectDirPath = "";
			projectRoot = "";
			targets = (
				FADB84001CDD2D0B0032966C /* Swipe It Shake It */,
			);
		};
/* End PBXProject section */

/* Begin PBXResourcesBuildPhase section */
		FADB83FF1CDD2D0B0032966C /* Resources */ = {
			isa = PBXResourcesBuildPhase;
			buildActionMask = 2147483647;
			files = (
				FADB840F1CDD2D0B0032966C /* LaunchScreen.storyboard in Resources */,
				FADB840C1CDD2D0B0032966C /* Assets.xcassets in Resources */,
				FADB840A1CDD2D0B0032966C /* Main.storyboard in Resources */,
			);
			runOnlyForDeploymentPostprocessing = 0;
		};
/* End PBXResourcesBuildPhase section */

/* Begin PBXSourcesBuildPhase section */
		FADB83FD1CDD2D0B0032966C /* Sources */ = {
			isa = PBXSourcesBuildPhase;
			buildActionMask = 2147483647;
			files = (
				FADB84071CDD2D0B0032966C /* ViewController.swift in Sources */,
				FADB84051CDD2D0B0032966C /* AppDelegate.swift in Sources */,
			);
			runOnlyForDeploymentPostprocessing = 0;
		};
/* End PBXSourcesBuildPhase section */

/* Begin PBXVariantGroup section */
		FADB84081CDD2D0B0032966C /* Main.storyboard */ = {
			isa = PBXVariantGroup;
			children = (
				FADB84091CDD2D0B0032966C /* Base */,
			);
			name = Main.storyboard;
			sourceTree = "<group>";
		};
		FADB840D1CDD2D0B0032966C /* LaunchScreen.storyboard */ = {
			isa = PBXVariantGroup;
			children = (
				FADB840E1CDD2D0B0032966C /* Base */,
			);
			name = LaunchScreen.storyboard;
			sourceTree = "<group>";
		};
/* End PBXVariantGroup section */

/* Begin XCBuildConfiguration section */
		FADB84111CDD2D0B0032966C /* Debug */ = {
			isa = XCBuildConfiguration;
			buildSettings = {
				ALWAYS_SEARCH_USER_PATHS = NO;
				CLANG_ANALYZER_NONNULL = YES;
				CLANG_CXX_LANGUAGE_STANDARD = "gnu++0x";
				CLANG_CXX_LIBRARY = "libc++";
				CLANG_ENABLE_MODULES = YES;
				CLANG_ENABLE_OBJC_ARC = YES;
				CLANG_WARN_BOOL_CONVERSION = YES;
				CLANG_WARN_CONSTANT_CONVERSION = YES;
				CLANG_WARN_DIRECT_OBJC_ISA_USAGE = YES_ERROR;
				CLANG_WARN_EMPTY_BODY = YES;
				CLANG_WARN_ENUM_CONVERSION = YES;
				CLANG_WARN_INT_CONVERSION = YES;
				CLANG_WARN_OBJC_ROOT_CLASS = YES_ERROR;
				CLANG_WARN_UNREACHABLE_CODE = YES;
				CLANG_WARN__DUPLICATE_METHOD_MATCH = YES;
				"CODE_SIGN_IDENTITY[sdk=iphoneos*]" = "iPhone Developer";
				COPY_PHASE_STRIP = NO;
				DEBUG_INFORMATION_FORMAT = dwarf;
				ENABLE_STRICT_OBJC_MSGSEND = YES;
				ENABLE_TESTABILITY = YES;
				GCC_C_LANGUAGE_STANDARD = gnu99;
				GCC_DYNAMIC_NO_PIC = NO;
				GCC_NO_COMMON_BLOCKS = YES;
				GCC_OPTIMIZATION_LEVEL = 0;
				GCC_PREPROCESSOR_DEFINITIONS = (
					"DEBUG=1",
					"$(inherited)",
				);
				GCC_WARN_64_TO_32_BIT_CONVERSION = YES;
				GCC_WARN_ABOUT_RETURN_TYPE = YES_ERROR;
				GCC_WARN_UNDECLARED_SELECTOR = YES;
				GCC_WARN_UNINITIALIZED_AUTOS = YES_AGGRESSIVE;
				GCC_WARN_UNUSED_FUNCTION = YES;
				GCC_WARN_UNUSED_VARIABLE = YES;
				IPHONEOS_DEPLOYMENT_TARGET = 9.3;
				MTL_ENABLE_DEBUG_INFO = YES;
				ONLY_ACTIVE_ARCH = YES;
				SDKROOT = iphoneos;
				SWIFT_OPTIMIZATION_LEVEL = "-Onone";
			};
			name = Debug;
		};
		FADB84121CDD2D0B0032966C /* Release */ = {
			isa = XCBuildConfiguration;
			buildSettings = {
				ALWAYS_SEARCH_USER_PATHS = NO;
				CLANG_ANALYZER_NONNULL = YES;
				CLANG_CXX_LANGUAGE_STANDARD = "gnu++0x";
				CLANG_CXX_LIBRARY = "libc++";
				CLANG_ENABLE_MODULES = YES;
				CLANG_ENABLE_OBJC_ARC = YES;
				CLANG_WARN_BOOL_CONVERSION = YES;
				CLANG_WARN_CONSTANT_CONVERSION = YES;
				CLANG_WARN_DIRECT_OBJC_ISA_USAGE = YES_ERROR;
				CLANG_WARN_EMPTY_BODY = YES;
				CLANG_WARN_ENUM_CONVERSION = YES;
				CLANG_WARN_INT_CONVERSION = YES;
				CLANG_WARN_OBJC_ROOT_CLASS = YES_ERROR;
				CLANG_WARN_UNREACHABLE_CODE = YES;
				CLANG_WARN__DUPLICATE_METHOD_MATCH = YES;
				"CODE_SIGN_IDENTITY[sdk=iphoneos*]" = "iPhone Developer";
				COPY_PHASE_STRIP = NO;
				DEBUG_INFORMATION_FORMAT = "dwarf-with-dsym";
				ENABLE_NS_ASSERTIONS = NO;
				ENABLE_STRICT_OBJC_MSGSEND = YES;
				GCC_C_LANGUAGE_STANDARD = gnu99;
				GCC_NO_COMMON_BLOCKS = YES;
				GCC_WARN_64_TO_32_BIT_CONVERSION = YES;
				GCC_WARN_ABOUT_RETURN_TYPE = YES_ERROR;
				GCC_WARN_UNDECLARED_SELECTOR = YES;
				GCC_WARN_UNINITIALIZED_AUTOS = YES_AGGRESSIVE;
				GCC_WARN_UNUSED_FUNCTION = YES;
				GCC_WARN_UNUSED_VARIABLE = YES;
				IPHONEOS_DEPLOYMENT_TARGET = 9.3;
				MTL_ENABLE_DEBUG_INFO = NO;
				SDKROOT = iphoneos;
				VALIDATE_PRODUCT = YES;
			};
			name = Release;
		};
		FADB84141CDD2D0B0032966C /* Debug */ = {
			isa = XCBuildConfiguration;
			buildSettings = {
				ASSETCATALOG_COMPILER_APPICON_NAME = AppIcon;
				INFOPLIST_FILE = "Swipe It Shake It/Info.plist";
				LD_RUNPATH_SEARCH_PATHS = "$(inherited) @executable_path/Frameworks";
				PRODUCT_BUNDLE_IDENTIFIER = "com.jaredallen.Swipe-It-Shake-It";
				PRODUCT_NAME = "$(TARGET_NAME)";
			};
			name = Debug;
		};
		FADB84151CDD2D0B0032966C /* Release */ = {
			isa = XCBuildConfiguration;
			buildSettings = {
				ASSETCATALOG_COMPILER_APPICON_NAME = AppIcon;
				INFOPLIST_FILE = "Swipe It Shake It/Info.plist";
				LD_RUNPATH_SEARCH_PATHS = "$(inherited) @executable_path/Frameworks";
				PRODUCT_BUNDLE_IDENTIFIER = "com.jaredallen.Swipe-It-Shake-It";
				PRODUCT_NAME = "$(TARGET_NAME)";
			};
			name = Release;
		};
/* End XCBuildConfiguration section */

/* Begin XCConfigurationList section */
		FADB83FC1CDD2D0B0032966C /* Build configuration list for PBXProject "Swipe It Shake It" */ = {
			isa = XCConfigurationList;
			buildConfigurations = (
				FADB84111CDD2D0B0032966C /* Debug */,
				FADB84121CDD2D0B0032966C /* Release */,
			);
			defaultConfigurationIsVisible = 0;
			defaultConfigurationName = Release;
		};
		FADB84131CDD2D0B0032966C /* Build configuration list for PBXNativeTarget "Swipe It Shake It" */ = {
			isa = XCConfigurationList;
			buildConfigurations = (
				FADB84141CDD2D0B0032966C /* Debug */,
				FADB84151CDD2D0B0032966C /* Release */,
			);
			defaultConfigurationIsVisible = 0;
		};
/* End XCConfigurationList section */
	};
	rootObject = FADB83F91CDD2D0B0032966C /* Project object */;
}
